
Microsoft Visual Studio Solution File, Format Version 12.00
# Visual Studio Version 17
VisualStudioVersion = 17.14.36930.0 d17.14
MinimumVisualStudioVersion = 10.0.40219.1
Project("{FAE04EC0-301F-11D3-BF4B-00C04F79EFBC}") = "Reference_Vs_Value_Types", "Reference_Vs_Value_Types\Reference_Vs_Value_Types.csproj", "{244D167A-7DC3-4CF5-B5BB-61802D23252C}"
EndProject
Global
	GlobalSection(SolutionConfigurationPlatforms) = preSolution
		Debug|Any CPU = Debug|Any CPU
		Release|Any CPU = Release|Any CPU
	EndGlobalSection
	GlobalSection(ProjectConfigurationPlatforms) = postSolution
		{244D167A-7DC3-4CF5-B5BB-61802D23252C}.Debug|Any CPU.ActiveCfg = Debug|Any CPU
		{244D167A-7DC3-4CF5-B5BB-61802D23252C}.Debug|Any CPU.Build.0 = Debug|Any CPU
		{244D167A-7DC3-4CF5-B5BB-61802D23252C}.Release|Any CPU.ActiveCfg = Release|Any CPU
		{244D167A-7DC3-4CF5-B5BB-61802D23252C}.Release|Any CPU.Build.0 = Release|Any CPU
	EndGlobalSection
	GlobalSection(SolutionProperties) = preSolution
		HideSolutionNode = FALSE
	EndGlobalSection
	GlobalSection(ExtensibilityGlobals) = postSolution
		SolutionGuid = {2F6AD6BC-1F29-4ED5-9504-4CDE2B5E1931}
	EndGlobalSection
EndGlobal
